
Microsoft Visual Studio Solution File, Format Version 12.00
# Visual Studio Version 16
VisualStudioVersion = 16.0.29728.190
MinimumVisualStudioVersion = 10.0.40219.1
Project("{FAE04EC0-301F-11D3-BF4B-00C04F79EFBC}") = "Result Probe Generator", "Result Probe Generator\Result Probe Generator.csproj", "{48A34C07-BD69-4088-B0C2-9438A8CA2473}"
EndProject
Global
	GlobalSection(SolutionConfigurationPlatforms) = preSolution
		Debug|Any CPU = Debug|Any CPU
		Release|Any CPU = Release|Any CPU
	EndGlobalSection
	GlobalSection(ProjectConfigurationPlatforms) = postSolution
		{48A34C07-BD69-4088-B0C2-9438A8CA2473}.Debug|Any CPU.ActiveCfg = Debug|Any CPU
		{48A34C07-BD69-4088-B0C2-9438A8CA2473}.Debug|Any CPU.Build.0 = Debug|Any CPU
		{48A34C07-BD69-4088-B0C2-9438A8CA2473}.Release|Any CPU.ActiveCfg = Release|Any CPU
		{48A34C07-BD69-4088-B0C2-9438A8CA2473}.Release|Any CPU.Build.0 = Release|Any CPU
	EndGlobalSection
	GlobalSection(SolutionProperties) = preSolution
		HideSolutionNode = FALSE
	EndGlobalSection
	GlobalSection(ExtensibilityGlobals) = postSolution
		SolutionGuid = {128FEC1B-ACE8-4D2C-8B5E-357A32CCD4C3}
	EndGlobalSection
EndGlobal
